
Microsoft Visual Studio Solution File, Format Version 12.00
# Visual Studio Version 17
VisualStudioVersion = 17.13.35806.99 d17.13
MinimumVisualStudioVersion = 10.0.40219.1
Project("{FAE04EC0-301F-11D3-BF4B-00C04F79EFBC}") = "CamasUci", "CamasUci\CamasUci.csproj", "{08610850-FE17-49B5-A091-4E601585A4D3}"
EndProject
Global
	GlobalSection(SolutionConfigurationPlatforms) = preSolution
		Debug|Any CPU = Debug|Any CPU
		Release|Any CPU = Release|Any CPU
	EndGlobalSection
	GlobalSection(ProjectConfigurationPlatforms) = postSolution
		{08610850-FE17-49B5-A091-4E601585A4D3}.Debug|Any CPU.ActiveCfg = Debug|Any CPU
		{08610850-FE17-49B5-A091-4E601585A4D3}.Debug|Any CPU.Build.0 = Debug|Any CPU
		{08610850-FE17-49B5-A091-4E601585A4D3}.Release|Any CPU.ActiveCfg = Release|Any CPU
		{08610850-FE17-49B5-A091-4E601585A4D3}.Release|Any CPU.Build.0 = Release|Any CPU
	EndGlobalSection
	GlobalSection(SolutionProperties) = preSolution
		HideSolutionNode = FALSE
	EndGlobalSection
	GlobalSection(ExtensibilityGlobals) = postSolution
		SolutionGuid = {6168C2A4-F7E4-4CB1-808B-35C115EAA2D0}
	EndGlobalSection
EndGlobal
